
Microsoft Visual Studio Solution File, Format Version 12.00
# Visual Studio Version 16
VisualStudioVersion = 16.0.31402.337
MinimumVisualStudioVersion = 10.0.40219.1
Project("{FAE04EC0-301F-11D3-BF4B-00C04F79EFBC}") = "Meddiff_Problem5", "Meddiff_Problem5\Meddiff_Problem5.csproj", "{9DAAA36F-EA39-4092-8F98-E5B13DB2E131}"
EndProject
Project("{FAE04EC0-301F-11D3-BF4B-00C04F79EFBC}") = "Models", "Models\Models.csproj", "{6B2C7C59-F639-4C8E-9C1E-0CB7B8F114EE}"
EndProject
Global
	GlobalSection(SolutionConfigurationPlatforms) = preSolution
		Debug|Any CPU = Debug|Any CPU
		Release|Any CPU = Release|Any CPU
	EndGlobalSection
	GlobalSection(ProjectConfigurationPlatforms) = postSolution
		{9DAAA36F-EA39-4092-8F98-E5B13DB2E131}.Debug|Any CPU.ActiveCfg = Debug|Any CPU
		{9DAAA36F-EA39-4092-8F98-E5B13DB2E131}.Debug|Any CPU.Build.0 = Debug|Any CPU
		{9DAAA36F-EA39-4092-8F98-E5B13DB2E131}.Release|Any CPU.ActiveCfg = Release|Any CPU
		{9DAAA36F-EA39-4092-8F98-E5B13DB2E131}.Release|Any CPU.Build.0 = Release|Any CPU
		{6B2C7C59-F639-4C8E-9C1E-0CB7B8F114EE}.Debug|Any CPU.ActiveCfg = Debug|Any CPU
		{6B2C7C59-F639-4C8E-9C1E-0CB7B8F114EE}.Debug|Any CPU.Build.0 = Debug|Any CPU
		{6B2C7C59-F639-4C8E-9C1E-0CB7B8F114EE}.Release|Any CPU.ActiveCfg = Release|Any CPU
		{6B2C7C59-F639-4C8E-9C1E-0CB7B8F114EE}.Release|Any CPU.Build.0 = Release|Any CPU
	EndGlobalSection
	GlobalSection(SolutionProperties) = preSolution
		HideSolutionNode = FALSE
	EndGlobalSection
	GlobalSection(ExtensibilityGlobals) = postSolution
		SolutionGuid = {E77AC1FC-353F-49EB-AD91-0A017C8D8829}
	EndGlobalSection
EndGlobal
